// !$*UTF8*$!
{
	archiveVersion = 1;
	classes = {
	};
	objectVersion = 50;
	objects = {

/* Begin PBXFileReference section */
		B323049422146F8800048798 /* string-interpolation.playground */ = {isa = PBXFileReference; lastKnownFileType = file.playground; path = "string-interpolation.playground"; sourceTree = "<group>"; xcLanguageSpecificationIdentifier = xcode.lang.swift; };
		B32304952214733500048798 /* arrays.playground */ = {isa = PBXFileReference; lastKnownFileType = file.playground; path = arrays.playground; sourceTree = "<group>"; xcLanguageSpecificationIdentifier = xcode.lang.swift; };
		B339612B2216B0450021A89A /* enumerations.playground */ = {isa = PBXFileReference; lastKnownFileType = file.playground; path = enumerations.playground; sourceTree = "<group>"; xcLanguageSpecificationIdentifier = xcode.lang.swift; };
		B339612C2216BDCB0021A89A /* structs.playground */ = {isa = PBXFileReference; lastKnownFileType = file.playground; path = structs.playground; sourceTree = "<group>"; xcLanguageSpecificationIdentifier = xcode.lang.swift; };
		B33A5EC62209BEEA00D24DD1 /* combining-conditions.playground */ = {isa = PBXFileReference; lastKnownFileType = file.playground; path = "combining-conditions.playground"; sourceTree = "<group>"; xcLanguageSpecificationIdentifier = xcode.lang.swift; };
		B33A5EC82209C54200D24DD1 /* ternary-operator.playground */ = {isa = PBXFileReference; lastKnownFileType = file.playground; path = "ternary-operator.playground"; sourceTree = "<group>"; xcLanguageSpecificationIdentifier = xcode.lang.swift; };
		B33A5EC92209C87D00D24DD1 /* switch-statements.playground */ = {isa = PBXFileReference; lastKnownFileType = file.playground; path = "switch-statements.playground"; sourceTree = "<group>"; xcLanguageSpecificationIdentifier = xcode.lang.swift; };
		B33A5ECA2209CAD400D24DD1 /* range-operators.playground */ = {isa = PBXFileReference; lastKnownFileType = file.playground; path = "range-operators.playground"; sourceTree = "<group>"; xcLanguageSpecificationIdentifier = xcode.lang.swift; };
		B33A5ECE2209D7B000D24DD1 /* for-loops.playground */ = {isa = PBXFileReference; lastKnownFileType = file.playground; path = "for-loops.playground"; sourceTree = "<group>"; xcLanguageSpecificationIdentifier = xcode.lang.swift; };
		B33A5ECF2209DB8E00D24DD1 /* while-loops.playground */ = {isa = PBXFileReference; lastKnownFileType = file.playground; path = "while-loops.playground"; sourceTree = "<group>"; xcLanguageSpecificationIdentifier = xcode.lang.swift; };
		B33B8571220DD69E002019EA /* creating-your-own-structs.playground */ = {isa = PBXFileReference; lastKnownFileType = file.playground; path = "creating-your-own-structs.playground"; sourceTree = "<group>"; xcLanguageSpecificationIdentifier = xcode.lang.swift; };
		B33C0488220B2D5D00BB35B5 /* variadic-functions.playground */ = {isa = PBXFileReference; lastKnownFileType = file.playground; path = "variadic-functions.playground"; sourceTree = "<group>"; xcLanguageSpecificationIdentifier = xcode.lang.swift; };
		B33C0489220B30E500BB35B5 /* writing-throwing-functions.playground */ = {isa = PBXFileReference; lastKnownFileType = file.playground; path = "writing-throwing-functions.playground"; sourceTree = "<group>"; xcLanguageSpecificationIdentifier = xcode.lang.swift; };
		B33C1B252215975700E2A723 /* dictionaries.playground */ = {isa = PBXFileReference; lastKnownFileType = file.playground; path = dictionaries.playground; sourceTree = "<group>"; xcLanguageSpecificationIdentifier = xcode.lang.swift; };
		B33C1B26221599ED00E2A723 /* conditional-statements.playground */ = {isa = PBXFileReference; lastKnownFileType = file.playground; path = "conditional-statements.playground"; sourceTree = "<group>"; xcLanguageSpecificationIdentifier = xcode.lang.swift; };
		B33C1B272215A0A300E2A723 /* loops.playground */ = {isa = PBXFileReference; lastKnownFileType = file.playground; path = loops.playground; sourceTree = "<group>"; xcLanguageSpecificationIdentifier = xcode.lang.swift; };
		B33C1B282215B10800E2A723 /* switch-case.playground */ = {isa = PBXFileReference; lastKnownFileType = file.playground; path = "switch-case.playground"; sourceTree = "<group>"; xcLanguageSpecificationIdentifier = xcode.lang.swift; };
		B33C1B2A2215C51200E2A723 /* functions.playground */ = {isa = PBXFileReference; lastKnownFileType = file.playground; path = functions.playground; sourceTree = "<group>"; xcLanguageSpecificationIdentifier = xcode.lang.swift; };
		B33C1B2B2215D71600E2A723 /* optionals.playground */ = {isa = PBXFileReference; lastKnownFileType = file.playground; path = optionals.playground; sourceTree = "<group>"; xcLanguageSpecificationIdentifier = xcode.lang.swift; };
		B33C1B422215EC8700E2A723 /* optional-chaining.playground */ = {isa = PBXFileReference; lastKnownFileType = file.playground; path = "optional-chaining.playground"; sourceTree = "<group>"; xcLanguageSpecificationIdentifier = xcode.lang.swift; };
		B33C2BAD220EFC8200D275C6 /* initializers.playground */ = {isa = PBXFileReference; lastKnownFileType = file.playground; path = initializers.playground; sourceTree = "<group>"; xcLanguageSpecificationIdentifier = xcode.lang.swift; };
		B33C2BAE220F021D00D275C6 /* referring-to-the-current-instance.playground */ = {isa = PBXFileReference; lastKnownFileType = file.playground; path = "referring-to-the-current-instance.playground"; sourceTree = "<group>"; xcLanguageSpecificationIdentifier = xcode.lang.swift; };
		B33C2BAF220F05B400D275C6 /* lazy-properties.playground */ = {isa = PBXFileReference; lastKnownFileType = file.playground; path = "lazy-properties.playground"; sourceTree = "<group>"; xcLanguageSpecificationIdentifier = xcode.lang.swift; };
		B33C2BB0220F097E00D275C6 /* static-properties-and-methods.playground */ = {isa = PBXFileReference; lastKnownFileType = file.playground; path = "static-properties-and-methods.playground"; sourceTree = "<group>"; xcLanguageSpecificationIdentifier = xcode.lang.swift; };
		B33C2BB1220F0CE000D275C6 /* access-control.playground */ = {isa = PBXFileReference; lastKnownFileType = file.playground; path = "access-control.playground"; sourceTree = "<group>"; xcLanguageSpecificationIdentifier = xcode.lang.swift; };
		B33D0AFB220D8418007275CF /* capturing-values.playground */ = {isa = PBXFileReference; lastKnownFileType = file.playground; path = "capturing-values.playground"; sourceTree = "<group>"; xcLanguageSpecificationIdentifier = xcode.lang.swift; };
		B33E6374220AE66A00C72FAC /* writing-functions.playground */ = {isa = PBXFileReference; lastKnownFileType = file.playground; path = "writing-functions.playground"; sourceTree = "<group>"; xcLanguageSpecificationIdentifier = xcode.lang.swift; };
		B33E6375220AED8900C72FAC /* accepting-parameters.playground */ = {isa = PBXFileReference; lastKnownFileType = file.playground; path = "accepting-parameters.playground"; sourceTree = "<group>"; xcLanguageSpecificationIdentifier = xcode.lang.swift; };
		B33E6376220AF1DA00C72FAC /* returning-values.playground */ = {isa = PBXFileReference; lastKnownFileType = file.playground; path = "returning-values.playground"; sourceTree = "<group>"; xcLanguageSpecificationIdentifier = xcode.lang.swift; };
		B33E6377220AF4A400C72FAC /* parameter-labels.playground */ = {isa = PBXFileReference; lastKnownFileType = file.playground; path = "parameter-labels.playground"; sourceTree = "<group>"; xcLanguageSpecificationIdentifier = xcode.lang.swift; };
		B33E6378220AF74300C72FAC /* ommiting-parameter-labels.playground */ = {isa = PBXFileReference; lastKnownFileType = file.playground; path = "ommiting-parameter-labels.playground"; sourceTree = "<group>"; xcLanguageSpecificationIdentifier = xcode.lang.swift; };
		B33F1CFE220D60CC003F6289 /* shorthand-parameter-names.playground */ = {isa = PBXFileReference; lastKnownFileType = file.playground; path = "shorthand-parameter-names.playground"; sourceTree = "<group>"; xcLanguageSpecificationIdentifier = xcode.lang.swift; };
		B33F1CFF220D6879003F6289 /* closures-with-multiple-parameters.playground */ = {isa = PBXFileReference; lastKnownFileType = file.playground; path = "closures-with-multiple-parameters.playground"; sourceTree = "<group>"; xcLanguageSpecificationIdentifier = xcode.lang.swift; };
		B33F1D00220D7227003F6289 /* returning-closures-from-functions.playground */ = {isa = PBXFileReference; lastKnownFileType = file.playground; path = "returning-closures-from-functions.playground"; sourceTree = "<group>"; xcLanguageSpecificationIdentifier = xcode.lang.swift; };
		B3406BA922146251006ACB46 /* variables-and- constants.playground */ = {isa = PBXFileReference; lastKnownFileType = file.playground; path = "variables-and- constants.playground"; sourceTree = "<group>"; xcLanguageSpecificationIdentifier = xcode.lang.swift; };
		B3406BAB22146330006ACB46 /* operators.playground */ = {isa = PBXFileReference; lastKnownFileType = file.playground; path = operators.playground; sourceTree = "<group>"; xcLanguageSpecificationIdentifier = xcode.lang.swift; };
		B341D49C2212C94E0009D008 /* unwrapping-with-guard.playground */ = {isa = PBXFileReference; lastKnownFileType = file.playground; path = "unwrapping-with-guard.playground"; sourceTree = "<group>"; xcLanguageSpecificationIdentifier = xcode.lang.swift; };
		B341D49D2212CBCB0009D008 /* force-unwrapping.playground */ = {isa = PBXFileReference; lastKnownFileType = file.playground; path = "force-unwrapping.playground"; sourceTree = "<group>"; xcLanguageSpecificationIdentifier = xcode.lang.swift; };
		B341D49E2212E3A40009D008 /* implicitly-unwrapped-optionals.playground */ = {isa = PBXFileReference; lastKnownFileType = file.playground; path = "implicitly-unwrapped-optionals.playground"; sourceTree = "<group>"; xcLanguageSpecificationIdentifier = xcode.lang.swift; };
		B341D49F2212E6BB0009D008 /* nil-coalescing.playground */ = {isa = PBXFileReference; lastKnownFileType = file.playground; path = "nil-coalescing.playground"; sourceTree = "<group>"; xcLanguageSpecificationIdentifier = xcode.lang.swift; };
		B341D4A02212E8810009D008 /* optional-chaining.playground */ = {isa = PBXFileReference; lastKnownFileType = file.playground; path = "optional-chaining.playground"; sourceTree = "<group>"; xcLanguageSpecificationIdentifier = xcode.lang.swift; };
		B34262DD2216C1DA000FBD8E /* classes.playground */ = {isa = PBXFileReference; lastKnownFileType = file.playground; path = classes.playground; sourceTree = "<group>"; xcLanguageSpecificationIdentifier = xcode.lang.swift; };
		B345916422098B0300DA3A1C /* aritmetic-operators.playground */ = {isa = PBXFileReference; lastKnownFileType = file.playground; path = "aritmetic-operators.playground"; sourceTree = "<group>"; xcLanguageSpecificationIdentifier = xcode.lang.swift; };
		B345916522098D1200DA3A1C /* operator-overloading.playground */ = {isa = PBXFileReference; lastKnownFileType = file.playground; path = "operator-overloading.playground"; sourceTree = "<group>"; xcLanguageSpecificationIdentifier = xcode.lang.swift; };
		B34591662209906A00DA3A1C /* compound-assignment-operatos.playground */ = {isa = PBXFileReference; lastKnownFileType = file.playground; path = "compound-assignment-operatos.playground"; sourceTree = "<group>"; xcLanguageSpecificationIdentifier = xcode.lang.swift; };
		B3459167220996B700DA3A1C /* comparison-operators.playground */ = {isa = PBXFileReference; lastKnownFileType = file.playground; path = "comparison-operators.playground"; sourceTree = "<group>"; xcLanguageSpecificationIdentifier = xcode.lang.swift; };
		B34591682209990600DA3A1C /* conditions.playground */ = {isa = PBXFileReference; lastKnownFileType = file.playground; path = conditions.playground; sourceTree = "<group>"; xcLanguageSpecificationIdentifier = xcode.lang.swift; };
		B34BA92E2212AF6C004B9D5B /* handling-missing-data.playground */ = {isa = PBXFileReference; lastKnownFileType = file.playground; path = "handling-missing-data.playground"; sourceTree = "<group>"; xcLanguageSpecificationIdentifier = xcode.lang.swift; };
		B34BA92F2212C637004B9D5B /* unwrapping-optionals.playground */ = {isa = PBXFileReference; lastKnownFileType = file.playground; path = "unwrapping-optionals.playground"; sourceTree = "<group>"; xcLanguageSpecificationIdentifier = xcode.lang.swift; };
		B35211EA221300D100359F42 /* optional-try.playground */ = {isa = PBXFileReference; lastKnownFileType = file.playground; path = "optional-try.playground"; sourceTree = "<group>"; xcLanguageSpecificationIdentifier = xcode.lang.swift; };
		B35211EB221305BF00359F42 /* failable-initializers.playground */ = {isa = PBXFileReference; lastKnownFileType = file.playground; path = "failable-initializers.playground"; sourceTree = "<group>"; xcLanguageSpecificationIdentifier = xcode.lang.swift; };
		B35211EC22130A3B00359F42 /* typecasting.playground */ = {isa = PBXFileReference; lastKnownFileType = file.playground; path = typecasting.playground; sourceTree = "<group>"; xcLanguageSpecificationIdentifier = xcode.lang.swift; };
		B3561AD8220B092A00047FBB /* default-parameters.playground */ = {isa = PBXFileReference; lastKnownFileType = file.playground; path = "default-parameters.playground"; sourceTree = "<group>"; xcLanguageSpecificationIdentifier = xcode.lang.swift; };
		B356DFAA2209F51D00AB5FF0 /* repeat-loops.playground */ = {isa = PBXFileReference; lastKnownFileType = file.playground; path = "repeat-loops.playground"; sourceTree = "<group>"; xcLanguageSpecificationIdentifier = xcode.lang.swift; };
		B356DFAB2209FA5200AB5FF0 /* exiting-loops.playground */ = {isa = PBXFileReference; lastKnownFileType = file.playground; path = "exiting-loops.playground"; sourceTree = "<group>"; xcLanguageSpecificationIdentifier = xcode.lang.swift; };
		B356DFAC220A064400AB5FF0 /* exiting-multiple-loops.playground */ = {isa = PBXFileReference; lastKnownFileType = file.playground; path = "exiting-multiple-loops.playground"; sourceTree = "<group>"; xcLanguageSpecificationIdentifier = xcode.lang.swift; };
		B356DFAD220A08A300AB5FF0 /* skipping-items.playground */ = {isa = PBXFileReference; lastKnownFileType = file.playground; path = "skipping-items.playground"; sourceTree = "<group>"; xcLanguageSpecificationIdentifier = xcode.lang.swift; };
		B356DFAE220A15F100AB5FF0 /* infinite-loops.playground */ = {isa = PBXFileReference; lastKnownFileType = file.playground; path = "infinite-loops.playground"; sourceTree = "<group>"; xcLanguageSpecificationIdentifier = xcode.lang.swift; };
		B385358C220DDA9F00578FA0 /* computed-properties.playground */ = {isa = PBXFileReference; lastKnownFileType = file.playground; path = "computed-properties.playground"; sourceTree = "<group>"; xcLanguageSpecificationIdentifier = xcode.lang.swift; };
		B385358D220DE0BB00578FA0 /* property-observers.playground */ = {isa = PBXFileReference; lastKnownFileType = file.playground; path = "property-observers.playground"; sourceTree = "<group>"; xcLanguageSpecificationIdentifier = xcode.lang.swift; };
		B385358E220DE48D00578FA0 /* methods.playground */ = {isa = PBXFileReference; lastKnownFileType = file.playground; path = methods.playground; sourceTree = "<group>"; xcLanguageSpecificationIdentifier = xcode.lang.swift; };
		B385358F220DEC6C00578FA0 /* mutating-methods.playground */ = {isa = PBXFileReference; lastKnownFileType = file.playground; path = "mutating-methods.playground"; sourceTree = "<group>"; xcLanguageSpecificationIdentifier = xcode.lang.swift; };
		B3853590220E00BB00578FA0 /* properties-and-methods-of-strings.playground */ = {isa = PBXFileReference; lastKnownFileType = file.playground; path = "properties-and-methods-of-strings.playground"; sourceTree = "<group>"; xcLanguageSpecificationIdentifier = xcode.lang.swift; };
		B3853591220E035500578FA0 /* properties-and-methods-of-arrays.playground */ = {isa = PBXFileReference; lastKnownFileType = file.playground; path = "properties-and-methods-of-arrays.playground"; sourceTree = "<group>"; xcLanguageSpecificationIdentifier = xcode.lang.swift; };
		B38EFA8B2214696200D2B407 /* types-of-data.playground */ = {isa = PBXFileReference; lastKnownFileType = file.playground; path = "types-of-data.playground"; sourceTree = "<group>"; xcLanguageSpecificationIdentifier = xcode.lang.swift; };
		B395DDB22210304B0062F648 /* creating-your-own-classes.playground */ = {isa = PBXFileReference; lastKnownFileType = file.playground; path = "creating-your-own-classes.playground"; sourceTree = "<group>"; xcLanguageSpecificationIdentifier = xcode.lang.swift; };
		B395DDB32210338F0062F648 /* class-inheritance.playground */ = {isa = PBXFileReference; lastKnownFileType = file.playground; path = "class-inheritance.playground"; sourceTree = "<group>"; xcLanguageSpecificationIdentifier = xcode.lang.swift; };
		B395DDB4221044560062F648 /* overriding-methods.playground */ = {isa = PBXFileReference; lastKnownFileType = file.playground; path = "overriding-methods.playground"; sourceTree = "<group>"; xcLanguageSpecificationIdentifier = xcode.lang.swift; };
		B395DDB5221049780062F648 /* final-classes.playground */ = {isa = PBXFileReference; lastKnownFileType = file.playground; path = "final-classes.playground"; sourceTree = "<group>"; xcLanguageSpecificationIdentifier = xcode.lang.swift; };
		B395DDB622104D900062F648 /* copying-objects.playground */ = {isa = PBXFileReference; lastKnownFileType = file.playground; path = "copying-objects.playground"; sourceTree = "<group>"; xcLanguageSpecificationIdentifier = xcode.lang.swift; };
		B395DDB72210507E0062F648 /* deinitializers.playground */ = {isa = PBXFileReference; lastKnownFileType = file.playground; path = deinitializers.playground; sourceTree = "<group>"; xcLanguageSpecificationIdentifier = xcode.lang.swift; };
		B39F00492211C982000C653A /* protocols.playground */ = {isa = PBXFileReference; lastKnownFileType = file.playground; path = protocols.playground; sourceTree = "<group>"; xcLanguageSpecificationIdentifier = xcode.lang.swift; };
		B39F004A2211D131000C653A /* protocol-inheritance.playground */ = {isa = PBXFileReference; lastKnownFileType = file.playground; path = "protocol-inheritance.playground"; sourceTree = "<group>"; xcLanguageSpecificationIdentifier = xcode.lang.swift; };
		B39F004B2211D713000C653A /* extensions.playground */ = {isa = PBXFileReference; lastKnownFileType = file.playground; path = extensions.playground; sourceTree = "<group>"; xcLanguageSpecificationIdentifier = xcode.lang.swift; };
		B39F004C2211DC73000C653A /* protocol-extensions.playground */ = {isa = PBXFileReference; lastKnownFileType = file.playground; path = "protocol-extensions.playground"; sourceTree = "<group>"; xcLanguageSpecificationIdentifier = xcode.lang.swift; };
		B39F004D2211E025000C653A /* protocol-oriented-programing.playground */ = {isa = PBXFileReference; lastKnownFileType = file.playground; path = "protocol-oriented-programing.playground"; sourceTree = "<group>"; xcLanguageSpecificationIdentifier = xcode.lang.swift; };
		B39FC80E220C32A6006F880F /* running-throwing-functions.playground */ = {isa = PBXFileReference; lastKnownFileType = file.playground; path = "running-throwing-functions.playground"; sourceTree = "<group>"; xcLanguageSpecificationIdentifier = xcode.lang.swift; };
		B39FC80F220C3A09006F880F /* inout-parameters.playground */ = {isa = PBXFileReference; lastKnownFileType = file.playground; path = "inout-parameters.playground"; sourceTree = "<group>"; xcLanguageSpecificationIdentifier = xcode.lang.swift; };
		B39FC811220C40C3006F880F /* creating-basic-closures.playground */ = {isa = PBXFileReference; lastKnownFileType = file.playground; path = "creating-basic-closures.playground"; sourceTree = "<group>"; xcLanguageSpecificationIdentifier = xcode.lang.swift; };
		B39FC812220C4252006F880F /* accepting-parameters-in-closure.playground */ = {isa = PBXFileReference; lastKnownFileType = file.playground; path = "accepting-parameters-in-closure.playground"; sourceTree = "<group>"; xcLanguageSpecificationIdentifier = xcode.lang.swift; };
		B39FC813220C48A6006F880F /* returning-values-from-closure.playground */ = {isa = PBXFileReference; lastKnownFileType = file.playground; path = "returning-values-from-closure.playground"; sourceTree = "<group>"; xcLanguageSpecificationIdentifier = xcode.lang.swift; };
		B39FC814220C5551006F880F /* closures-as-parameters.playground */ = {isa = PBXFileReference; lastKnownFileType = file.playground; path = "closures-as-parameters.playground"; sourceTree = "<group>"; xcLanguageSpecificationIdentifier = xcode.lang.swift; };
		B39FC815220C5DA7006F880F /* trailing-closure-syntax.playground */ = {isa = PBXFileReference; lastKnownFileType = file.playground; path = "trailing-closure-syntax.playground"; sourceTree = "<group>"; xcLanguageSpecificationIdentifier = xcode.lang.swift; };
		B39FC817220C6347006F880F /* using-closures-as-parameter-when-they-accept-parameters.playground */ = {isa = PBXFileReference; lastKnownFileType = file.playground; path = "using-closures-as-parameter-when-they-accept-parameters.playground"; sourceTree = "<group>"; xcLanguageSpecificationIdentifier = xcode.lang.swift; };
		B39FC818220C6DDC006F880F /* using-closures-as-paramters-when-they-return-values.playground */ = {isa = PBXFileReference; lastKnownFileType = file.playground; path = "using-closures-as-paramters-when-they-return-values.playground"; sourceTree = "<group>"; xcLanguageSpecificationIdentifier = xcode.lang.swift; };
		B3B305852210539300F0DDD0 /* mutability.playground */ = {isa = PBXFileReference; lastKnownFileType = file.playground; path = mutability.playground; sourceTree = "<group>"; xcLanguageSpecificationIdentifier = xcode.lang.swift; };
		B3C4D94022088E34006BF467 /* day1.playground */ = {isa = PBXFileReference; lastKnownFileType = file.playground; path = day1.playground; sourceTree = "<group>"; xcLanguageSpecificationIdentifier = xcode.lang.swift; };
		B3C4D94122089621006BF467 /* day2.playground */ = {isa = PBXFileReference; lastKnownFileType = file.playground; path = day2.playground; sourceTree = "<group>"; xcLanguageSpecificationIdentifier = xcode.lang.swift; };
/* End PBXFileReference section */

/* Begin PBXGroup section */
		B33A5ECB2209D1C800D24DD1 /* day1 */ = {
			isa = PBXGroup;
			children = (
				B3C4D94022088E34006BF467 /* day1.playground */,
			);
			path = day1;
			sourceTree = "<group>";
		};
		B33A5ECC2209D1E000D24DD1 /* day2 */ = {
			isa = PBXGroup;
			children = (
				B3C4D94122089621006BF467 /* day2.playground */,
			);
			path = day2;
			sourceTree = "<group>";
		};
		B33A5ECD2209D6FB00D24DD1 /* day4 */ = {
			isa = PBXGroup;
			children = (
				B356DFAE220A15F100AB5FF0 /* infinite-loops.playground */,
				B356DFAD220A08A300AB5FF0 /* skipping-items.playground */,
				B356DFAC220A064400AB5FF0 /* exiting-multiple-loops.playground */,
				B356DFAB2209FA5200AB5FF0 /* exiting-loops.playground */,
				B356DFAA2209F51D00AB5FF0 /* repeat-loops.playground */,
				B33A5ECF2209DB8E00D24DD1 /* while-loops.playground */,
				B33A5ECE2209D7B000D24DD1 /* for-loops.playground */,
			);
			path = day4;
			sourceTree = "<group>";
		};
		B33B8570220DD659002019EA /* day8 */ = {
			isa = PBXGroup;
			children = (
				B3853591220E035500578FA0 /* properties-and-methods-of-arrays.playground */,
				B3853590220E00BB00578FA0 /* properties-and-methods-of-strings.playground */,
				B385358F220DEC6C00578FA0 /* mutating-methods.playground */,
				B385358E220DE48D00578FA0 /* methods.playground */,
				B385358D220DE0BB00578FA0 /* property-observers.playground */,
				B385358C220DDA9F00578FA0 /* computed-properties.playground */,
				B33B8571220DD69E002019EA /* creating-your-own-structs.playground */,
			);
			path = day8;
			sourceTree = "<group>";
		};
		B33C1B292215B43A00E2A723 /* day14 */ = {
			isa = PBXGroup;
			children = (
				B34262DD2216C1DA000FBD8E /* classes.playground */,
				B339612C2216BDCB0021A89A /* structs.playground */,
				B339612B2216B0450021A89A /* enumerations.playground */,
				B33C1B422215EC8700E2A723 /* optional-chaining.playground */,
				B33C1B2B2215D71600E2A723 /* optionals.playground */,
				B33C1B2A2215C51200E2A723 /* functions.playground */,
			);
			path = day14;
			sourceTree = "<group>";
		};
		B33C2BAC220EFBEF00D275C6 /* day9 */ = {
			isa = PBXGroup;
			children = (
				B33C2BB1220F0CE000D275C6 /* access-control.playground */,
				B33C2BB0220F097E00D275C6 /* static-properties-and-methods.playground */,
				B33C2BAF220F05B400D275C6 /* lazy-properties.playground */,
				B33C2BAE220F021D00D275C6 /* referring-to-the-current-instance.playground */,
				B33C2BAD220EFC8200D275C6 /* initializers.playground */,
			);
			path = day9;
			sourceTree = "<group>";
		};
		B33E6373220AE5D400C72FAC /* day5 */ = {
			isa = PBXGroup;
			children = (
				B39FC80F220C3A09006F880F /* inout-parameters.playground */,
				B39FC80E220C32A6006F880F /* running-throwing-functions.playground */,
				B33C0489220B30E500BB35B5 /* writing-throwing-functions.playground */,
				B33C0488220B2D5D00BB35B5 /* variadic-functions.playground */,
				B3561AD8220B092A00047FBB /* default-parameters.playground */,
				B33E6378220AF74300C72FAC /* ommiting-parameter-labels.playground */,
				B33E6377220AF4A400C72FAC /* parameter-labels.playground */,
				B33E6376220AF1DA00C72FAC /* returning-values.playground */,
				B33E6375220AED8900C72FAC /* accepting-parameters.playground */,
				B33E6374220AE66A00C72FAC /* writing-functions.playground */,
			);
			path = day5;
			sourceTree = "<group>";
		};
		B3406BA822145C40006ACB46 /* day13 */ = {
			isa = PBXGroup;
			children = (
				B33C1B282215B10800E2A723 /* switch-case.playground */,
				B33C1B272215A0A300E2A723 /* loops.playground */,
				B33C1B26221599ED00E2A723 /* conditional-statements.playground */,
				B33C1B252215975700E2A723 /* dictionaries.playground */,
				B32304952214733500048798 /* arrays.playground */,
				B323049422146F8800048798 /* string-interpolation.playground */,
				B3406BAB22146330006ACB46 /* operators.playground */,
				B38EFA8B2214696200D2B407 /* types-of-data.playground */,
				B3406BA922146251006ACB46 /* variables-and- constants.playground */,
			);
			path = day13;
			sourceTree = "<group>";
		};
		B345916322098A1100DA3A1C /* day3 */ = {
			isa = PBXGroup;
			children = (
				B33A5ECA2209CAD400D24DD1 /* range-operators.playground */,
				B33A5EC92209C87D00D24DD1 /* switch-statements.playground */,
				B33A5EC82209C54200D24DD1 /* ternary-operator.playground */,
				B33A5EC62209BEEA00D24DD1 /* combining-conditions.playground */,
				B34591682209990600DA3A1C /* conditions.playground */,
				B3459167220996B700DA3A1C /* comparison-operators.playground */,
				B34591662209906A00DA3A1C /* compound-assignment-operatos.playground */,
				B345916522098D1200DA3A1C /* operator-overloading.playground */,
				B345916422098B0300DA3A1C /* aritmetic-operators.playground */,
			);
			path = day3;
			sourceTree = "<group>";
		};
		B34BA92D2212AEF1004B9D5B /* day12 */ = {
			isa = PBXGroup;
			children = (
				B35211EC22130A3B00359F42 /* typecasting.playground */,
				B35211EB221305BF00359F42 /* failable-initializers.playground */,
				B35211EA221300D100359F42 /* optional-try.playground */,
				B341D4A02212E8810009D008 /* optional-chaining.playground */,
				B341D49F2212E6BB0009D008 /* nil-coalescing.playground */,
				B341D49E2212E3A40009D008 /* implicitly-unwrapped-optionals.playground */,
				B341D49D2212CBCB0009D008 /* force-unwrapping.playground */,
				B341D49C2212C94E0009D008 /* unwrapping-with-guard.playground */,
				B34BA92F2212C637004B9D5B /* unwrapping-optionals.playground */,
				B34BA92E2212AF6C004B9D5B /* handling-missing-data.playground */,
			);
			path = day12;
			sourceTree = "<group>";
		};
		B395DDB122102F630062F648 /* day10 */ = {
			isa = PBXGroup;
			children = (
				B3B305852210539300F0DDD0 /* mutability.playground */,
				B395DDB72210507E0062F648 /* deinitializers.playground */,
				B395DDB622104D900062F648 /* copying-objects.playground */,
				B395DDB5221049780062F648 /* final-classes.playground */,
				B395DDB4221044560062F648 /* overriding-methods.playground */,
				B395DDB32210338F0062F648 /* class-inheritance.playground */,
				B395DDB22210304B0062F648 /* creating-your-own-classes.playground */,
			);
			path = day10;
			sourceTree = "<group>";
		};
		B39F00482211C958000C653A /* day11 */ = {
			isa = PBXGroup;
			children = (
				B39F004D2211E025000C653A /* protocol-oriented-programing.playground */,
				B39F004C2211DC73000C653A /* protocol-extensions.playground */,
				B39F004B2211D713000C653A /* extensions.playground */,
				B39F004A2211D131000C653A /* protocol-inheritance.playground */,
				B39F00492211C982000C653A /* protocols.playground */,
			);
			path = day11;
			sourceTree = "<group>";
		};
		B39FC810220C402D006F880F /* day6 */ = {
			isa = PBXGroup;
			children = (
				B39FC815220C5DA7006F880F /* trailing-closure-syntax.playground */,
				B39FC814220C5551006F880F /* closures-as-parameters.playground */,
				B39FC813220C48A6006F880F /* returning-values-from-closure.playground */,
				B39FC812220C4252006F880F /* accepting-parameters-in-closure.playground */,
				B39FC811220C40C3006F880F /* creating-basic-closures.playground */,
			);
			path = day6;
			sourceTree = "<group>";
		};
		B39FC816220C6227006F880F /* day7 */ = {
			isa = PBXGroup;
			children = (
				B33D0AFB220D8418007275CF /* capturing-values.playground */,
				B33F1D00220D7227003F6289 /* returning-closures-from-functions.playground */,
				B33F1CFF220D6879003F6289 /* closures-with-multiple-parameters.playground */,
				B33F1CFE220D60CC003F6289 /* shorthand-parameter-names.playground */,
				B39FC818220C6DDC006F880F /* using-closures-as-paramters-when-they-return-values.playground */,
				B39FC817220C6347006F880F /* using-closures-as-parameter-when-they-accept-parameters.playground */,
			);
			path = day7;
			sourceTree = "<group>";
		};
		B3C4D91F2208861E006BF467 = {
			isa = PBXGroup;
			children = (
				B3C4D92A2208861E006BF467 /* 100DaysOfSwift */,
			);
			sourceTree = "<group>";
		};
		B3C4D92A2208861E006BF467 /* 100DaysOfSwift */ = {
			isa = PBXGroup;
			children = (
				B33C1B292215B43A00E2A723 /* day14 */,
				B3406BA822145C40006ACB46 /* day13 */,
				B34BA92D2212AEF1004B9D5B /* day12 */,
				B39F00482211C958000C653A /* day11 */,
				B395DDB122102F630062F648 /* day10 */,
				B33C2BAC220EFBEF00D275C6 /* day9 */,
				B33B8570220DD659002019EA /* day8 */,
				B39FC816220C6227006F880F /* day7 */,
				B39FC810220C402D006F880F /* day6 */,
				B33E6373220AE5D400C72FAC /* day5 */,
				B33A5ECD2209D6FB00D24DD1 /* day4 */,
				B345916322098A1100DA3A1C /* day3 */,
				B33A5ECC2209D1E000D24DD1 /* day2 */,
				B33A5ECB2209D1C800D24DD1 /* day1 */,
			);
			path = 100DaysOfSwift;
			sourceTree = "<group>";
		};
/* End PBXGroup section */

/* Begin PBXProject section */
		B3C4D9202208861E006BF467 /* Project object */ = {
			isa = PBXProject;
			attributes = {
				LastSwiftUpdateCheck = 1010;
				LastUpgradeCheck = 1010;
				ORGANIZATIONNAME = cenksenyuz;
			};
			buildConfigurationList = B3C4D9232208861E006BF467 /* Build configuration list for PBXProject "100DaysOfSwift" */;
			compatibilityVersion = "Xcode 9.3";
			developmentRegion = en;
			hasScannedForEncodings = 0;
			knownRegions = (
				en,
				Base,
			);
			mainGroup = B3C4D91F2208861E006BF467;
			productRefGroup = B3C4D91F2208861E006BF467;
			projectDirPath = "";
			projectRoot = "";
			targets = (
			);
		};
/* End PBXProject section */

/* Begin XCBuildConfiguration section */
		B3C4D9382208861F006BF467 /* Debug */ = {
			isa = XCBuildConfiguration;
			buildSettings = {
				ALWAYS_SEARCH_USER_PATHS = NO;
				CLANG_ANALYZER_NONNULL = YES;
				CLANG_ANALYZER_NUMBER_OBJECT_CONVERSION = YES_AGGRESSIVE;
				CLANG_CXX_LANGUAGE_STANDARD = "gnu++14";
				CLANG_CXX_LIBRARY = "libc++";
				CLANG_ENABLE_MODULES = YES;
				CLANG_ENABLE_OBJC_ARC = YES;
				CLANG_ENABLE_OBJC_WEAK = YES;
				CLANG_WARN_BLOCK_CAPTURE_AUTORELEASING = YES;
				CLANG_WARN_BOOL_CONVERSION = YES;
				CLANG_WARN_COMMA = YES;
				CLANG_WARN_CONSTANT_CONVERSION = YES;
				CLANG_WARN_DEPRECATED_OBJC_IMPLEMENTATIONS = YES;
				CLANG_WARN_DIRECT_OBJC_ISA_USAGE = YES_ERROR;
				CLANG_WARN_DOCUMENTATION_COMMENTS = YES;
				CLANG_WARN_EMPTY_BODY = YES;
				CLANG_WARN_ENUM_CONVERSION = YES;
				CLANG_WARN_INFINITE_RECURSION = YES;
				CLANG_WARN_INT_CONVERSION = YES;
				CLANG_WARN_NON_LITERAL_NULL_CONVERSION = YES;
				CLANG_WARN_OBJC_IMPLICIT_RETAIN_SELF = YES;
				CLANG_WARN_OBJC_LITERAL_CONVERSION = YES;
				CLANG_WARN_OBJC_ROOT_CLASS = YES_ERROR;
				CLANG_WARN_RANGE_LOOP_ANALYSIS = YES;
				CLANG_WARN_STRICT_PROTOTYPES = YES;
				CLANG_WARN_SUSPICIOUS_MOVE = YES;
				CLANG_WARN_UNGUARDED_AVAILABILITY = YES_AGGRESSIVE;
				CLANG_WARN_UNREACHABLE_CODE = YES;
				CLANG_WARN__DUPLICATE_METHOD_MATCH = YES;
				CODE_SIGN_IDENTITY = "iPhone Developer";
				COPY_PHASE_STRIP = NO;
				DEBUG_INFORMATION_FORMAT = dwarf;
				ENABLE_STRICT_OBJC_MSGSEND = YES;
				ENABLE_TESTABILITY = YES;
				GCC_C_LANGUAGE_STANDARD = gnu11;
				GCC_DYNAMIC_NO_PIC = NO;
				GCC_NO_COMMON_BLOCKS = YES;
				GCC_OPTIMIZATION_LEVEL = 0;
				GCC_PREPROCESSOR_DEFINITIONS = (
					"DEBUG=1",
					"$(inherited)",
				);
				GCC_WARN_64_TO_32_BIT_CONVERSION = YES;
				GCC_WARN_ABOUT_RETURN_TYPE = YES_ERROR;
				GCC_WARN_UNDECLARED_SELECTOR = YES;
				GCC_WARN_UNINITIALIZED_AUTOS = YES_AGGRESSIVE;
				GCC_WARN_UNUSED_FUNCTION = YES;
				GCC_WARN_UNUSED_VARIABLE = YES;
				IPHONEOS_DEPLOYMENT_TARGET = 12.1;
				MTL_ENABLE_DEBUG_INFO = INCLUDE_SOURCE;
				MTL_FAST_MATH = YES;
				ONLY_ACTIVE_ARCH = YES;
				SDKROOT = iphoneos;
				SWIFT_ACTIVE_COMPILATION_CONDITIONS = DEBUG;
				SWIFT_OPTIMIZATION_LEVEL = "-Onone";
			};
			name = Debug;
		};
		B3C4D9392208861F006BF467 /* Release */ = {
			isa = XCBuildConfiguration;
			buildSettings = {
				ALWAYS_SEARCH_USER_PATHS = NO;
				CLANG_ANALYZER_NONNULL = YES;
				CLANG_ANALYZER_NUMBER_OBJECT_CONVERSION = YES_AGGRESSIVE;
				CLANG_CXX_LANGUAGE_STANDARD = "gnu++14";
				CLANG_CXX_LIBRARY = "libc++";
				CLANG_ENABLE_MODULES = YES;
				CLANG_ENABLE_OBJC_ARC = YES;
				CLANG_ENABLE_OBJC_WEAK = YES;
				CLANG_WARN_BLOCK_CAPTURE_AUTORELEASING = YES;
				CLANG_WARN_BOOL_CONVERSION = YES;
				CLANG_WARN_COMMA = YES;
				CLANG_WARN_CONSTANT_CONVERSION = YES;
				CLANG_WARN_DEPRECATED_OBJC_IMPLEMENTATIONS = YES;
				CLANG_WARN_DIRECT_OBJC_ISA_USAGE = YES_ERROR;
				CLANG_WARN_DOCUMENTATION_COMMENTS = YES;
				CLANG_WARN_EMPTY_BODY = YES;
				CLANG_WARN_ENUM_CONVERSION = YES;
				CLANG_WARN_INFINITE_RECURSION = YES;
				CLANG_WARN_INT_CONVERSION = YES;
				CLANG_WARN_NON_LITERAL_NULL_CONVERSION = YES;
				CLANG_WARN_OBJC_IMPLICIT_RETAIN_SELF = YES;
				CLANG_WARN_OBJC_LITERAL_CONVERSION = YES;
				CLANG_WARN_OBJC_ROOT_CLASS = YES_ERROR;
				CLANG_WARN_RANGE_LOOP_ANALYSIS = YES;
				CLANG_WARN_STRICT_PROTOTYPES = YES;
				CLANG_WARN_SUSPICIOUS_MOVE = YES;
				CLANG_WARN_UNGUARDED_AVAILABILITY = YES_AGGRESSIVE;
				CLANG_WARN_UNREACHABLE_CODE = YES;
				CLANG_WARN__DUPLICATE_METHOD_MATCH = YES;
				CODE_SIGN_IDENTITY = "iPhone Developer";
				COPY_PHASE_STRIP = NO;
				DEBUG_INFORMATION_FORMAT = "dwarf-with-dsym";
				ENABLE_NS_ASSERTIONS = NO;
				ENABLE_STRICT_OBJC_MSGSEND = YES;
				GCC_C_LANGUAGE_STANDARD = gnu11;
				GCC_NO_COMMON_BLOCKS = YES;
				GCC_WARN_64_TO_32_BIT_CONVERSION = YES;
				GCC_WARN_ABOUT_RETURN_TYPE = YES_ERROR;
				GCC_WARN_UNDECLARED_SELECTOR = YES;
				GCC_WARN_UNINITIALIZED_AUTOS = YES_AGGRESSIVE;
				GCC_WARN_UNUSED_FUNCTION = YES;
				GCC_WARN_UNUSED_VARIABLE = YES;
				IPHONEOS_DEPLOYMENT_TARGET = 12.1;
				MTL_ENABLE_DEBUG_INFO = NO;
				MTL_FAST_MATH = YES;
				SDKROOT = iphoneos;
				SWIFT_COMPILATION_MODE = wholemodule;
				SWIFT_OPTIMIZATION_LEVEL = "-O";
				VALIDATE_PRODUCT = YES;
			};
			name = Release;
		};
/* End XCBuildConfiguration section */

/* Begin XCConfigurationList section */
		B3C4D9232208861E006BF467 /* Build configuration list for PBXProject "100DaysOfSwift" */ = {
			isa = XCConfigurationList;
			buildConfigurations = (
				B3C4D9382208861F006BF467 /* Debug */,
				B3C4D9392208861F006BF467 /* Release */,
			);
			defaultConfigurationIsVisible = 0;
			defaultConfigurationName = Release;
		};
/* End XCConfigurationList section */
	};
	rootObject = B3C4D9202208861E006BF467 /* Project object */;
}
